
Microsoft Visual Studio Solution File, Format Version 12.00
# Visual Studio 15
VisualStudioVersion = 15.0.27428.2037
MinimumVisualStudioVersion = 10.0.40219.1
Project("{FAE04EC0-301F-11D3-BF4B-00C04F79EFBC}") = "CountYourGrades", "CountYourGrades\CountYourGrades.csproj", "{31C9D53A-BCE0-45C8-AD73-807463249D72}"
EndProject
Global
	GlobalSection(SolutionConfigurationPlatforms) = preSolution
		Debug|Any CPU = Debug|Any CPU
		Release|Any CPU = Release|Any CPU
	EndGlobalSection
	GlobalSection(ProjectConfigurationPlatforms) = postSolution
		{31C9D53A-BCE0-45C8-AD73-807463249D72}.Debug|Any CPU.ActiveCfg = Debug|Any CPU
		{31C9D53A-BCE0-45C8-AD73-807463249D72}.Debug|Any CPU.Build.0 = Debug|Any CPU
		{31C9D53A-BCE0-45C8-AD73-807463249D72}.Release|Any CPU.ActiveCfg = Release|Any CPU
		{31C9D53A-BCE0-45C8-AD73-807463249D72}.Release|Any CPU.Build.0 = Release|Any CPU
	EndGlobalSection
	GlobalSection(SolutionProperties) = preSolution
		HideSolutionNode = FALSE
	EndGlobalSection
	GlobalSection(ExtensibilityGlobals) = postSolution
		SolutionGuid = {2C1363C2-16A6-40D1-996F-1D333113BC7E}
	EndGlobalSection
EndGlobal
